{
  "name": "ws_server",
  "version": "1.0.0",
  "lockfileVersion": 1,
  "requires": true,
  "dependencies": {
    "@cronvel/get-pixels": {
      "version": "3.4.0",
      "resolved": "https://registry.npmjs.org/@cronvel/get-pixels/-/get-pixels-3.4.0.tgz",
      "integrity": "sha512-do5jDoX9oCR/dGHE4POVQ3PYDCmQ2Fow4CA72UL4WoE8zUImA/0lChczjfl+ucNjE4sXFWUnzoO6j4WzrUvLnw==",
      "requires": {
        "jpeg-js": "^0.4.1",
        "ndarray": "^1.0.19",
        "ndarray-pack": "^1.1.1",
        "node-bitmap": "0.0.1",
        "omggif": "^1.0.10",
        "pngjs": "^5.0.0"
      }
    },
    "@ryosensei/console": {
      "version": "1.0.2",
      "resolved": "https://registry.npmjs.org/@ryosensei/console/-/console-1.0.2.tgz",
      "integrity": "sha512-fznCRT9AP1u7/bCZu5UcgEM5EUalIIzSU35cVTCde/S/qjEuBsIqqvPB0bF2xWuFoqMw/77JwRAjIj9+3QFs8Q==",
      "requires": {
        "luxon": "^1.26.0",
        "terminal-kit": "^2.0.7"
      }
    },
    "@types/component-emitter": {
      "version": "1.2.10",
      "resolved": "https://registry.npmjs.org/@types/component-emitter/-/component-emitter-1.2.10.tgz",
      "integrity": "sha512-bsjleuRKWmGqajMerkzox19aGbscQX5rmmvvXl3wlIp5gMG1HgkiwPxsN5p070fBDKTNSPgojVbuY1+HWMbFhg=="
    },
    "@types/cookie": {
      "version": "0.4.0",
      "resolved": "https://registry.npmjs.org/@types/cookie/-/cookie-0.4.0.tgz",
      "integrity": "sha512-y7mImlc/rNkvCRmg8gC3/lj87S7pTUIJ6QGjwHR9WQJcFs+ZMTOaoPrkdFA/YdbuqVEmEbb5RdhVxMkAcgOnpg=="
    },
    "@types/cors": {
      "version": "2.8.10",
      "resolved": "https://registry.npmjs.org/@types/cors/-/cors-2.8.10.tgz",
      "integrity": "sha512-C7srjHiVG3Ey1nR6d511dtDkCEjxuN9W1HWAEjGq8kpcwmNM6JJkpC0xvabM7BXTG2wDq8Eu33iH9aQKa7IvLQ=="
    },
    "@types/node": {
      "version": "15.0.0",
      "resolved": "https://registry.npmjs.org/@types/node/-/node-15.0.0.tgz",
      "integrity": "sha512-YN1d+ae2MCb4U0mMa+Zlb5lWTdpFShbAj5nmte6lel27waMMBfivrm0prC16p/Di3DyTrmerrYUT8/145HXxVw=="
    },
    "accepts": {
      "version": "1.3.7",
      "resolved": "https://registry.npmjs.org/accepts/-/accepts-1.3.7.tgz",
      "integrity": "sha512-Il80Qs2WjYlJIBNzNkK6KYqlVMTbZLXgHx2oT0pU/fjRHyEp+PEfEPY0R3WCwAGVOtauxh1hOxNgIf5bv7dQpA==",
      "requires": {
        "mime-types": "~2.1.24",
        "negotiator": "0.6.2"
      }
    },
    "backo2": {
      "version": "1.0.2",
      "resolved": "https://registry.npmjs.org/backo2/-/backo2-1.0.2.tgz",
      "integrity": "sha1-MasayLEpNjRj41s+u2n038+6eUc="
    },
    "base64-arraybuffer": {
      "version": "0.1.4",
      "resolved": "https://registry.npmjs.org/base64-arraybuffer/-/base64-arraybuffer-0.1.4.tgz",
      "integrity": "sha1-mBjHngWbE1X5fgQooBfIOOkLqBI="
    },
    "base64id": {
      "version": "2.0.0",
      "resolved": "https://registry.npmjs.org/base64id/-/base64id-2.0.0.tgz",
      "integrity": "sha512-lGe34o6EHj9y3Kts9R4ZYs/Gr+6N7MCaMlIFA3F1R2O5/m7K06AxfSeO5530PEERE6/WyEg3lsuyw4GHlPZHog=="
    },
    "chroma-js": {
      "version": "2.1.1",
      "resolved": "https://registry.npmjs.org/chroma-js/-/chroma-js-2.1.1.tgz",
      "integrity": "sha512-gYc5/Dooshun2OikK7oY/hYnoEiZ0dxqRpXosEdYRYm505vU5mRsHFqIW062C9nMtr32DVErP6mlxuepo2kNkw==",
      "requires": {
        "cross-env": "^6.0.3"
      }
    },
    "component-emitter": {
      "version": "1.3.0",
      "resolved": "https://registry.npmjs.org/component-emitter/-/component-emitter-1.3.0.tgz",
      "integrity": "sha512-Rd3se6QB+sO1TwqZjscQrurpEPIfO0/yYnSin6Q/rD3mOutHvUrCAhJub3r90uNb+SESBuE0QYoB90YdfatsRg=="
    },
    "cookie": {
      "version": "0.4.1",
      "resolved": "https://registry.npmjs.org/cookie/-/cookie-0.4.1.tgz",
      "integrity": "sha512-ZwrFkGJxUR3EIoXtO+yVE69Eb7KlixbaeAWfBQB9vVsNn/o+Yw69gBWSSDK825hQNdN+wF8zELf3dFNl/kxkUA=="
    },
    "cors": {
      "version": "2.8.5",
      "resolved": "https://registry.npmjs.org/cors/-/cors-2.8.5.tgz",
      "integrity": "sha512-KIHbLJqu73RGr/hnbrO9uBeixNGuvSQjul/jdFvS/KFSIH1hWVd1ng7zOHx+YrEfInLG7q4n6GHQ9cDtxv/P6g==",
      "requires": {
        "object-assign": "^4",
        "vary": "^1"
      }
    },
    "cross-env": {
      "version": "6.0.3",
      "resolved": "https://registry.npmjs.org/cross-env/-/cross-env-6.0.3.tgz",
      "integrity": "sha512-+KqxF6LCvfhWvADcDPqo64yVIB31gv/jQulX2NGzKS/g3GEVz6/pt4wjHFtFWsHMddebWD/sDthJemzM4MaAag==",
      "requires": {
        "cross-spawn": "^7.0.0"
      }
    },
    "cross-spawn": {
      "version": "7.0.3",
      "resolved": "https://registry.npmjs.org/cross-spawn/-/cross-spawn-7.0.3.tgz",
      "integrity": "sha512-iRDPJKUPVEND7dHPO8rkbOnPpyDygcDFtWjpeWNCgy8WP2rXcxXL8TskReQl6OrB2G7+UJrags1q15Fudc7G6w==",
      "requires": {
        "path-key": "^3.1.0",
        "shebang-command": "^2.0.0",
        "which": "^2.0.1"
      }
    },
    "cwise-compiler": {
      "version": "1.1.3",
      "resolved": "https://registry.npmjs.org/cwise-compiler/-/cwise-compiler-1.1.3.tgz",
      "integrity": "sha1-9NZnQQ6FDToxOn0tt7HlBbsDTMU=",
      "requires": {
        "uniq": "^1.0.0"
      }
    },
    "debug": {
      "version": "4.3.1",
      "resolved": "https://registry.npmjs.org/debug/-/debug-4.3.1.tgz",
      "integrity": "sha512-doEwdvm4PCeK4K3RQN2ZC2BYUBaxwLARCqZmMjtF8a51J2Rb0xpVloFRnCODwqjpwnAoao4pelN8l3RJdv3gRQ==",
      "requires": {
        "ms": "2.1.2"
      }
    },
    "engine.io": {
      "version": "5.0.0",
      "resolved": "https://registry.npmjs.org/engine.io/-/engine.io-5.0.0.tgz",
      "integrity": "sha512-BATIdDV3H1SrE9/u2BAotvsmjJg0t1P4+vGedImSs1lkFAtQdvk4Ev1y4LDiPF7BPWgXWEG+NDY+nLvW3UrMWw==",
      "requires": {
        "accepts": "~1.3.4",
        "base64id": "2.0.0",
        "cookie": "~0.4.1",
        "cors": "~2.8.5",
        "debug": "~4.3.1",
        "engine.io-parser": "~4.0.0",
        "ws": "~7.4.2"
      }
    },
    "engine.io-client": {
      "version": "5.0.1",
      "resolved": "https://registry.npmjs.org/engine.io-client/-/engine.io-client-5.0.1.tgz",
      "integrity": "sha512-CQtGN3YwfvbxVwpPugcsHe5rHT4KgT49CEcQppNtu9N7WxbPN0MAG27lGaem7bvtCFtGNLSL+GEqXsFSz36jTg==",
      "requires": {
        "base64-arraybuffer": "0.1.4",
        "component-emitter": "~1.3.0",
        "debug": "~4.3.1",
        "engine.io-parser": "~4.0.1",
        "has-cors": "1.1.0",
        "parseqs": "0.0.6",
        "parseuri": "0.0.6",
        "ws": "~7.4.2",
        "yeast": "0.1.2"
      }
    },
    "engine.io-parser": {
      "version": "4.0.2",
      "resolved": "https://registry.npmjs.org/engine.io-parser/-/engine.io-parser-4.0.2.tgz",
      "integrity": "sha512-sHfEQv6nmtJrq6TKuIz5kyEKH/qSdK56H/A+7DnAuUPWosnIZAS2NHNcPLmyjtY3cGS/MqJdZbUjW97JU72iYg==",
      "requires": {
        "base64-arraybuffer": "0.1.4"
      }
    },
    "has-cors": {
      "version": "1.1.0",
      "resolved": "https://registry.npmjs.org/has-cors/-/has-cors-1.1.0.tgz",
      "integrity": "sha1-XkdHk/fqmEPRu5nCPu9J/xJv/zk="
    },
    "iota-array": {
      "version": "1.0.0",
      "resolved": "https://registry.npmjs.org/iota-array/-/iota-array-1.0.0.tgz",
      "integrity": "sha1-ge9X/l0FgUzVjCSDYyqZwwoOgIc="
    },
    "is-buffer": {
      "version": "1.1.6",
      "resolved": "https://registry.npmjs.org/is-buffer/-/is-buffer-1.1.6.tgz",
      "integrity": "sha512-NcdALwpXkTm5Zvvbk7owOUSvVvBKDgKP5/ewfXEznmQFfs4ZRmanOeKBTjRVjka3QFoN6XJ+9F3USqfHqTaU5w=="
    },
    "isexe": {
      "version": "2.0.0",
      "resolved": "https://registry.npmjs.org/isexe/-/isexe-2.0.0.tgz",
      "integrity": "sha1-6PvzdNxVb/iUehDcsFctYz8s+hA="
    },
    "jpeg-js": {
      "version": "0.4.3",
      "resolved": "https://registry.npmjs.org/jpeg-js/-/jpeg-js-0.4.3.tgz",
      "integrity": "sha512-ru1HWKek8octvUHFHvE5ZzQ1yAsJmIvRdGWvSoKV52XKyuyYA437QWDttXT8eZXDSbuMpHlLzPDZUPd6idIz+Q=="
    },
    "lazyness": {
      "version": "1.2.0",
      "resolved": "https://registry.npmjs.org/lazyness/-/lazyness-1.2.0.tgz",
      "integrity": "sha512-KenL6EFbwxBwRxG93t0gcUyi0Nw0Ub31FJKN1laA4UscdkL1K1AxUd0gYZdcLU3v+x+wcFi4uQKS5hL+fk500g=="
    },
    "luxon": {
      "version": "1.26.0",
      "resolved": "https://registry.npmjs.org/luxon/-/luxon-1.26.0.tgz",
      "integrity": "sha512-+V5QIQ5f6CDXQpWNICELwjwuHdqeJM1UenlZWx5ujcRMc9venvluCjFb4t5NYLhb6IhkbMVOxzVuOqkgMxee2A=="
    },
    "mime-db": {
      "version": "1.47.0",
      "resolved": "https://registry.npmjs.org/mime-db/-/mime-db-1.47.0.tgz",
      "integrity": "sha512-QBmA/G2y+IfeS4oktet3qRZ+P5kPhCKRXxXnQEudYqUaEioAU1/Lq2us3D/t1Jfo4hE9REQPrbB7K5sOczJVIw=="
    },
    "mime-types": {
      "version": "2.1.30",
      "resolved": "https://registry.npmjs.org/mime-types/-/mime-types-2.1.30.tgz",
      "integrity": "sha512-crmjA4bLtR8m9qLpHvgxSChT+XoSlZi8J4n/aIdn3z92e/U47Z0V/yl+Wh9W046GgFVAmoNR/fmdbZYcSSIUeg==",
      "requires": {
        "mime-db": "1.47.0"
      }
    },
    "ms": {
      "version": "2.1.2",
      "resolved": "https://registry.npmjs.org/ms/-/ms-2.1.2.tgz",
      "integrity": "sha512-sGkPx+VjMtmA6MX27oA4FBFELFCZZ4S4XqeGOXCv68tT+jb3vk/RyaKWP0PTKyWtmLSM0b+adUTEvbs1PEaH2w=="
    },
    "ndarray": {
      "version": "1.0.19",
      "resolved": "https://registry.npmjs.org/ndarray/-/ndarray-1.0.19.tgz",
      "integrity": "sha512-B4JHA4vdyZU30ELBw3g7/p9bZupyew5a7tX1Y/gGeF2hafrPaQZhgrGQfsvgfYbgdFZjYwuEcnaobeM/WMW+HQ==",
      "requires": {
        "iota-array": "^1.0.0",
        "is-buffer": "^1.0.2"
      }
    },
    "ndarray-pack": {
      "version": "1.2.1",
      "resolved": "https://registry.npmjs.org/ndarray-pack/-/ndarray-pack-1.2.1.tgz",
      "integrity": "sha1-jK6+qqJNXs9w/4YCBjeXfajuWFo=",
      "requires": {
        "cwise-compiler": "^1.1.2",
        "ndarray": "^1.0.13"
      }
    },
    "negotiator": {
      "version": "0.6.2",
      "resolved": "https://registry.npmjs.org/negotiator/-/negotiator-0.6.2.tgz",
      "integrity": "sha512-hZXc7K2e+PgeI1eDBe/10Ard4ekbfrrqG8Ep+8Jmf4JID2bNg7NvCPOZN+kfF574pFQI7mum2AUqDidoKqcTOw=="
    },
    "nextgen-events": {
      "version": "1.3.4",
      "resolved": "https://registry.npmjs.org/nextgen-events/-/nextgen-events-1.3.4.tgz",
      "integrity": "sha512-umMRD9VOvQ7+AeCvMETA7tekqrzG0xOX2HLrpyZRuW+4NlXR5baZwY/CP7Sq3x1BkKCIa1KnI1m2+Fs+fJpOiQ=="
    },
    "node-bitmap": {
      "version": "0.0.1",
      "resolved": "https://registry.npmjs.org/node-bitmap/-/node-bitmap-0.0.1.tgz",
      "integrity": "sha1-GA6scAPgxwdhjvMTaPYvhLKmkJE="
    },
    "object-assign": {
      "version": "4.1.1",
      "resolved": "https://registry.npmjs.org/object-assign/-/object-assign-4.1.1.tgz",
      "integrity": "sha1-IQmtx5ZYh8/AXLvUQsrIv7s2CGM="
    },
    "omggif": {
      "version": "1.0.10",
      "resolved": "https://registry.npmjs.org/omggif/-/omggif-1.0.10.tgz",
      "integrity": "sha512-LMJTtvgc/nugXj0Vcrrs68Mn2D1r0zf630VNtqtpI1FEO7e+O9FP4gqs9AcnBaSEeoHIPm28u6qgPR0oyEpGSw=="
    },
    "parseqs": {
      "version": "0.0.6",
      "resolved": "https://registry.npmjs.org/parseqs/-/parseqs-0.0.6.tgz",
      "integrity": "sha512-jeAGzMDbfSHHA091hr0r31eYfTig+29g3GKKE/PPbEQ65X0lmMwlEoqmhzu0iztID5uJpZsFlUPDP8ThPL7M8w=="
    },
    "parseuri": {
      "version": "0.0.6",
      "resolved": "https://registry.npmjs.org/parseuri/-/parseuri-0.0.6.tgz",
      "integrity": "sha512-AUjen8sAkGgao7UyCX6Ahv0gIK2fABKmYjvP4xmy5JaKvcbTRueIqIPHLAfq30xJddqSE033IOMUSOMCcK3Sow=="
    },
    "path-key": {
      "version": "3.1.1",
      "resolved": "https://registry.npmjs.org/path-key/-/path-key-3.1.1.tgz",
      "integrity": "sha512-ojmeN0qd+y0jszEtoY48r0Peq5dwMEkIlCOu6Q5f41lfkswXuKtYrhgoTpLnyIcHm24Uhqx+5Tqm2InSwLhE6Q=="
    },
    "pngjs": {
      "version": "5.0.0",
      "resolved": "https://registry.npmjs.org/pngjs/-/pngjs-5.0.0.tgz",
      "integrity": "sha512-40QW5YalBNfQo5yRYmiw7Yz6TKKVr3h6970B2YE+3fQpsWcrbj1PzJgxeJ19DRQjhMbKPIuMY8rFaXc8moolVw=="
    },
    "setimmediate": {
      "version": "1.0.5",
      "resolved": "https://registry.npmjs.org/setimmediate/-/setimmediate-1.0.5.tgz",
      "integrity": "sha1-KQy7Iy4waULX1+qbg3Mqt4VvgoU="
    },
    "seventh": {
      "version": "0.7.40",
      "resolved": "https://registry.npmjs.org/seventh/-/seventh-0.7.40.tgz",
      "integrity": "sha512-7sxUydQx4iEh17uJUFjZDAwbffJirldZaNIJvVB/hk9mPEL3J4GpLGSL+mHFH2ydkye46DAsLGqzFJ+/Qj5foQ==",
      "requires": {
        "setimmediate": "^1.0.5"
      }
    },
    "shebang-command": {
      "version": "2.0.0",
      "resolved": "https://registry.npmjs.org/shebang-command/-/shebang-command-2.0.0.tgz",
      "integrity": "sha512-kHxr2zZpYtdmrN1qDjrrX/Z1rR1kG8Dx+gkpK1G4eXmvXswmcE1hTWBWYUzlraYw1/yZp6YuDY77YtvbN0dmDA==",
      "requires": {
        "shebang-regex": "^3.0.0"
      }
    },
    "shebang-regex": {
      "version": "3.0.0",
      "resolved": "https://registry.npmjs.org/shebang-regex/-/shebang-regex-3.0.0.tgz",
      "integrity": "sha512-7++dFhtcx3353uBaq8DDR4NuxBetBzC7ZQOhmTQInHEd6bSrXdiEyzCvG07Z44UYdLShWUyXt5M/yhz8ekcb1A=="
    },
    "socket.io": {
      "version": "4.0.1",
      "resolved": "https://registry.npmjs.org/socket.io/-/socket.io-4.0.1.tgz",
      "integrity": "sha512-g8eZB9lV0f4X4gndG0k7YZAywOg1VxYgCUspS4V+sDqsgI/duqd0AW84pKkbGj/wQwxrqrEq+VZrspRfTbHTAQ==",
      "requires": {
        "@types/cookie": "^0.4.0",
        "@types/cors": "^2.8.8",
        "@types/node": ">=10.0.0",
        "accepts": "~1.3.4",
        "base64id": "~2.0.0",
        "debug": "~4.3.1",
        "engine.io": "~5.0.0",
        "socket.io-adapter": "~2.2.0",
        "socket.io-parser": "~4.0.3"
      }
    },
    "socket.io-adapter": {
      "version": "2.2.0",
      "resolved": "https://registry.npmjs.org/socket.io-adapter/-/socket.io-adapter-2.2.0.tgz",
      "integrity": "sha512-rG49L+FwaVEwuAdeBRq49M97YI3ElVabJPzvHT9S6a2CWhDKnjSFasvwAwSYPRhQzfn4NtDIbCaGYgOCOU/rlg=="
    },
    "socket.io-client": {
      "version": "4.0.1",
      "resolved": "https://registry.npmjs.org/socket.io-client/-/socket.io-client-4.0.1.tgz",
      "integrity": "sha512-6AkaEG5zrVuSVW294cH1chioag9i1OqnCYjKwTc3EBGXbnyb98Lw7yMa40ifLjFj3y6fsFKsd0llbUZUCRf3Qw==",
      "requires": {
        "@types/component-emitter": "^1.2.10",
        "backo2": "~1.0.2",
        "component-emitter": "~1.3.0",
        "debug": "~4.3.1",
        "engine.io-client": "~5.0.0",
        "parseuri": "0.0.6",
        "socket.io-parser": "~4.0.4"
      }
    },
    "socket.io-parser": {
      "version": "4.0.4",
      "resolved": "https://registry.npmjs.org/socket.io-parser/-/socket.io-parser-4.0.4.tgz",
      "integrity": "sha512-t+b0SS+IxG7Rxzda2EVvyBZbvFPBCjJoyHuE0P//7OAsN23GItzDRdWa6ALxZI/8R5ygK7jAR6t028/z+7295g==",
      "requires": {
        "@types/component-emitter": "^1.2.10",
        "component-emitter": "~1.3.0",
        "debug": "~4.3.1"
      }
    },
    "string-kit": {
      "version": "0.12.5",
      "resolved": "https://registry.npmjs.org/string-kit/-/string-kit-0.12.5.tgz",
      "integrity": "sha512-aB7yK0RgOx3SElEfQ6lZu2xS5hWr4ToJispiy+djJ4yh3f2zaTMCm44ZrHZnN1RiQQCLfpa5Btz2bishyBm8IQ=="
    },
    "terminal-kit": {
      "version": "2.0.7",
      "resolved": "https://registry.npmjs.org/terminal-kit/-/terminal-kit-2.0.7.tgz",
      "integrity": "sha512-+MpGlu/QsL8Vc8+rHm1JkNuVskaJMUNfzqxqsOhmsS3hG4lnYu3g1zNpXMX7GNkcj2RTyxuggeYXwTxVv28DoA==",
      "requires": {
        "@cronvel/get-pixels": "^3.4.0",
        "chroma-js": "^2.1.0",
        "lazyness": "^1.2.0",
        "ndarray": "^1.0.19",
        "nextgen-events": "^1.3.4",
        "seventh": "^0.7.40",
        "string-kit": "^0.12.0",
        "tree-kit": "^0.7.0"
      }
    },
    "tree-kit": {
      "version": "0.7.0",
      "resolved": "https://registry.npmjs.org/tree-kit/-/tree-kit-0.7.0.tgz",
      "integrity": "sha512-MAqFo2oJJ39zmxq3xETx0nMAgZw2z6pnJPjIAehEcrDaeePDhBBTshAlyhCDtezMDTIu1Av+vGE501xN3Sh8VA=="
    },
    "uniq": {
      "version": "1.0.1",
      "resolved": "https://registry.npmjs.org/uniq/-/uniq-1.0.1.tgz",
      "integrity": "sha1-sxxa6CVIRKOoKBVBzisEuGWnNP8="
    },
    "vary": {
      "version": "1.1.2",
      "resolved": "https://registry.npmjs.org/vary/-/vary-1.1.2.tgz",
      "integrity": "sha1-IpnwLG3tMNSllhsLn3RSShj2NPw="
    },
    "which": {
      "version": "2.0.2",
      "resolved": "https://registry.npmjs.org/which/-/which-2.0.2.tgz",
      "integrity": "sha512-BLI3Tl1TW3Pvl70l3yq3Y64i+awpwXqsGBYWkkqMtnbXgrMD+yj7rhW0kuEDxzJaYXGjEW5ogapKNMEKNMjibA==",
      "requires": {
        "isexe": "^2.0.0"
      }
    },
    "ws": {
      "version": "7.4.5",
      "resolved": "https://registry.npmjs.org/ws/-/ws-7.4.5.tgz",
      "integrity": "sha512-xzyu3hFvomRfXKH8vOFMU3OguG6oOvhXMo3xsGy3xWExqaM2dxBbVxuD99O7m3ZUFMvvscsZDqxfgMaRr/Nr1g=="
    },
    "yeast": {
      "version": "0.1.2",
      "resolved": "https://registry.npmjs.org/yeast/-/yeast-0.1.2.tgz",
      "integrity": "sha1-AI4G2AlDIMNy28L47XagymyKxBk="
    }
  }
}
